
Microsoft Visual Studio Solution File, Format Version 12.00
# Visual Studio 14
VisualStudioVersion = 14.0.25420.1
MinimumVisualStudioVersion = 10.0.40219.1
Project("{2150E333-8FDC-42A3-9474-1A3956D46DE8}") = "src", "src", "{52A51268-FDF5-4767-A73B-61CBA74AF0F0}"
EndProject
Project("{2150E333-8FDC-42A3-9474-1A3956D46DE8}") = "Solution Items", "Solution Items", "{AE19838E-01A6-4ABA-BF8F-B68FAB328AE6}"
	ProjectSection(SolutionItems) = preProject
		global.json = global.json
	EndProjectSection
EndProject
Project("{8BB2217D-0F2D-49D1-97BC-3654ED321F3B}") = "Mercurial.Client", "src\Mercurial.Client\Mercurial.Client.xproj", "{ED4558B1-C3C3-4C0B-B693-C6ADD40CF621}"
EndProject
Project("{2150E333-8FDC-42A3-9474-1A3956D46DE8}") = "tests", "tests", "{4D9AED21-6637-466C-86B5-3F06F4076F79}"
EndProject
Project("{8BB2217D-0F2D-49D1-97BC-3654ED321F3B}") = "Mercurial.Client.Tests", "tests\Mercurial.Client.Tests\Mercurial.Client.Tests.xproj", "{24C3D222-B732-4C32-A69A-67D2404EDB65}"
EndProject
Global
	GlobalSection(SolutionConfigurationPlatforms) = preSolution
		Debug|Any CPU = Debug|Any CPU
		Release|Any CPU = Release|Any CPU
	EndGlobalSection
	GlobalSection(ProjectConfigurationPlatforms) = postSolution
		{ED4558B1-C3C3-4C0B-B693-C6ADD40CF621}.Debug|Any CPU.ActiveCfg = Debug|Any CPU
		{ED4558B1-C3C3-4C0B-B693-C6ADD40CF621}.Debug|Any CPU.Build.0 = Debug|Any CPU
		{ED4558B1-C3C3-4C0B-B693-C6ADD40CF621}.Release|Any CPU.ActiveCfg = Release|Any CPU
		{ED4558B1-C3C3-4C0B-B693-C6ADD40CF621}.Release|Any CPU.Build.0 = Release|Any CPU
		{24C3D222-B732-4C32-A69A-67D2404EDB65}.Debug|Any CPU.ActiveCfg = Debug|Any CPU
		{24C3D222-B732-4C32-A69A-67D2404EDB65}.Debug|Any CPU.Build.0 = Debug|Any CPU
		{24C3D222-B732-4C32-A69A-67D2404EDB65}.Release|Any CPU.ActiveCfg = Release|Any CPU
		{24C3D222-B732-4C32-A69A-67D2404EDB65}.Release|Any CPU.Build.0 = Release|Any CPU
	EndGlobalSection
	GlobalSection(SolutionProperties) = preSolution
		HideSolutionNode = FALSE
	EndGlobalSection
	GlobalSection(NestedProjects) = preSolution
		{ED4558B1-C3C3-4C0B-B693-C6ADD40CF621} = {52A51268-FDF5-4767-A73B-61CBA74AF0F0}
		{24C3D222-B732-4C32-A69A-67D2404EDB65} = {4D9AED21-6637-466C-86B5-3F06F4076F79}
	EndGlobalSection
EndGlobal
